
Microsoft Visual Studio Solution File, Format Version 12.00
# Visual Studio Version 17
VisualStudioVersion = 17.5.33530.505
MinimumVisualStudioVersion = 10.0.40219.1
Project("{8BC9CEB8-8B4A-11D0-8D11-00A0C91BC942}") = "coding upload", "coding upload\coding upload.vcxproj", "{30AE2693-3F89-4A95-8407-6016322A6C07}"
EndProject
Global
	GlobalSection(SolutionConfigurationPlatforms) = preSolution
		Debug|x64 = Debug|x64
		Debug|x86 = Debug|x86
		Release|x64 = Release|x64
		Release|x86 = Release|x86
	EndGlobalSection
	GlobalSection(ProjectConfigurationPlatforms) = postSolution
		{30AE2693-3F89-4A95-8407-6016322A6C07}.Debug|x64.ActiveCfg = Debug|x64
		{30AE2693-3F89-4A95-8407-6016322A6C07}.Debug|x64.Build.0 = Debug|x64
		{30AE2693-3F89-4A95-8407-6016322A6C07}.Debug|x86.ActiveCfg = Debug|Win32
		{30AE2693-3F89-4A95-8407-6016322A6C07}.Debug|x86.Build.0 = Debug|Win32
		{30AE2693-3F89-4A95-8407-6016322A6C07}.Release|x64.ActiveCfg = Release|x64
		{30AE2693-3F89-4A95-8407-6016322A6C07}.Release|x64.Build.0 = Release|x64
		{30AE2693-3F89-4A95-8407-6016322A6C07}.Release|x86.ActiveCfg = Release|Win32
		{30AE2693-3F89-4A95-8407-6016322A6C07}.Release|x86.Build.0 = Release|Win32
	EndGlobalSection
	GlobalSection(SolutionProperties) = preSolution
		HideSolutionNode = FALSE
	EndGlobalSection
	GlobalSection(ExtensibilityGlobals) = postSolution
		SolutionGuid = {326AE021-6C3E-42C9-A66B-EA0F06C45EBC}
	EndGlobalSection
EndGlobal
